// !$*UTF8*$!
{
	archiveVersion = 1;
	classes = {
	};
	objectVersion = 50;
	objects = {

/* Begin PBXBuildFile section */
		D6E307EB25D7316200122E58 /* AppDelegate.swift in Sources */ = {isa = PBXBuildFile; fileRef = D6E307EA25D7316200122E58 /* AppDelegate.swift */; };
		D6E307ED25D7316200122E58 /* SceneDelegate.swift in Sources */ = {isa = PBXBuildFile; fileRef = D6E307EC25D7316200122E58 /* SceneDelegate.swift */; };
		D6E307EF25D7316200122E58 /* ContentView.swift in Sources */ = {isa = PBXBuildFile; fileRef = D6E307EE25D7316200122E58 /* ContentView.swift */; };
		D6E307F125D7316300122E58 /* Assets.xcassets in Resources */ = {isa = PBXBuildFile; fileRef = D6E307F025D7316300122E58 /* Assets.xcassets */; };
		D6E307F425D7316300122E58 /* Preview Assets.xcassets in Resources */ = {isa = PBXBuildFile; fileRef = D6E307F325D7316300122E58 /* Preview Assets.xcassets */; };
		D6E307F725D7316300122E58 /* LaunchScreen.storyboard in Resources */ = {isa = PBXBuildFile; fileRef = D6E307F525D7316300122E58 /* LaunchScreen.storyboard */; };
		D6E3080225D7316300122E58 /* CoffeeAppTests.swift in Sources */ = {isa = PBXBuildFile; fileRef = D6E3080125D7316300122E58 /* CoffeeAppTests.swift */; };
		D6E3080D25D7316400122E58 /* CoffeeAppUITests.swift in Sources */ = {isa = PBXBuildFile; fileRef = D6E3080C25D7316400122E58 /* CoffeeAppUITests.swift */; };
/* End PBXBuildFile section */

/* Begin PBXContainerItemProxy section */
		D6E307FE25D7316300122E58 /* PBXContainerItemProxy */ = {
			isa = PBXContainerItemProxy;
			containerPortal = D6E307DF25D7316200122E58 /* Project object */;
			proxyType = 1;
			remoteGlobalIDString = D6E307E625D7316200122E58;
			remoteInfo = CoffeeApp;
		};
		D6E3080925D7316400122E58 /* PBXContainerItemProxy */ = {
			isa = PBXContainerItemProxy;
			containerPortal = D6E307DF25D7316200122E58 /* Project object */;
			proxyType = 1;
			remoteGlobalIDString = D6E307E625D7316200122E58;
			remoteInfo = CoffeeApp;
		};
/* End PBXContainerItemProxy section */

/* Begin PBXFileReference section */
		D6E307E725D7316200122E58 /* CoffeeApp.app */ = {isa = PBXFileReference; explicitFileType = wrapper.application; includeInIndex = 0; path = CoffeeApp.app; sourceTree = BUILT_PRODUCTS_DIR; };
		D6E307EA25D7316200122E58 /* AppDelegate.swift */ = {isa = PBXFileReference; lastKnownFileType = sourcecode.swift; path = AppDelegate.swift; sourceTree = "<group>"; };
		D6E307EC25D7316200122E58 /* SceneDelegate.swift */ = {isa = PBXFileReference; lastKnownFileType = sourcecode.swift; path = SceneDelegate.swift; sourceTree = "<group>"; };
		D6E307EE25D7316200122E58 /* ContentView.swift */ = {isa = PBXFileReference; lastKnownFileType = sourcecode.swift; path = ContentView.swift; sourceTree = "<group>"; };
		D6E307F025D7316300122E58 /* Assets.xcassets */ = {isa = PBXFileReference; lastKnownFileType = folder.assetcatalog; path = Assets.xcassets; sourceTree = "<group>"; };
		D6E307F325D7316300122E58 /* Preview Assets.xcassets */ = {isa = PBXFileReference; lastKnownFileType = folder.assetcatalog; path = "Preview Assets.xcassets"; sourceTree = "<group>"; };
		D6E307F625D7316300122E58 /* Base */ = {isa = PBXFileReference; lastKnownFileType = file.storyboard; name = Base; path = Base.lproj/LaunchScreen.storyboard; sourceTree = "<group>"; };
		D6E307F825D7316300122E58 /* Info.plist */ = {isa = PBXFileReference; lastKnownFileType = text.plist.xml; path = Info.plist; sourceTree = "<group>"; };
		D6E307FD25D7316300122E58 /* CoffeeAppTests.xctest */ = {isa = PBXFileReference; explicitFileType = wrapper.cfbundle; includeInIndex = 0; path = CoffeeAppTests.xctest; sourceTree = BUILT_PRODUCTS_DIR; };
		D6E3080125D7316300122E58 /* CoffeeAppTests.swift */ = {isa = PBXFileReference; lastKnownFileType = sourcecode.swift; path = CoffeeAppTests.swift; sourceTree = "<group>"; };
		D6E3080325D7316300122E58 /* Info.plist */ = {isa = PBXFileReference; lastKnownFileType = text.plist.xml; path = Info.plist; sourceTree = "<group>"; };
		D6E3080825D7316400122E58 /* CoffeeAppUITests.xctest */ = {isa = PBXFileReference; explicitFileType = wrapper.cfbundle; includeInIndex = 0; path = CoffeeAppUITests.xctest; sourceTree = BUILT_PRODUCTS_DIR; };
		D6E3080C25D7316400122E58 /* CoffeeAppUITests.swift */ = {isa = PBXFileReference; lastKnownFileType = sourcecode.swift; path = CoffeeAppUITests.swift; sourceTree = "<group>"; };
		D6E3080E25D7316400122E58 /* Info.plist */ = {isa = PBXFileReference; lastKnownFileType = text.plist.xml; path = Info.plist; sourceTree = "<group>"; };
/* End PBXFileReference section */

/* Begin PBXFrameworksBuildPhase section */
		D6E307E425D7316200122E58 /* Frameworks */ = {
			isa = PBXFrameworksBuildPhase;
			buildActionMask = 2147483647;
			files = (
			);
			runOnlyForDeploymentPostprocessing = 0;
		};
		D6E307FA25D7316300122E58 /* Frameworks */ = {
			isa = PBXFrameworksBuildPhase;
			buildActionMask = 2147483647;
			files = (
			);
			runOnlyForDeploymentPostprocessing = 0;
		};
		D6E3080525D7316400122E58 /* Frameworks */ = {
			isa = PBXFrameworksBuildPhase;
			buildActionMask = 2147483647;
			files = (
			);
			runOnlyForDeploymentPostprocessing = 0;
		};
/* End PBXFrameworksBuildPhase section */

/* Begin PBXGroup section */
		D6E307DE25D7316200122E58 = {
			isa = PBXGroup;
			children = (
				D6E307E925D7316200122E58 /* CoffeeApp */,
				D6E3080025D7316300122E58 /* CoffeeAppTests */,
				D6E3080B25D7316400122E58 /* CoffeeAppUITests */,
				D6E307E825D7316200122E58 /* Products */,
			);
			sourceTree = "<group>";
		};
		D6E307E825D7316200122E58 /* Products */ = {
			isa = PBXGroup;
			children = (
				D6E307E725D7316200122E58 /* CoffeeApp.app */,
				D6E307FD25D7316300122E58 /* CoffeeAppTests.xctest */,
				D6E3080825D7316400122E58 /* CoffeeAppUITests.xctest */,
			);
			name = Products;
			sourceTree = "<group>";
		};
		D6E307E925D7316200122E58 /* CoffeeApp */ = {
			isa = PBXGroup;
			children = (
				D6E307EA25D7316200122E58 /* AppDelegate.swift */,
				D6E307EC25D7316200122E58 /* SceneDelegate.swift */,
				D6E307EE25D7316200122E58 /* ContentView.swift */,
				D6E307F025D7316300122E58 /* Assets.xcassets */,
				D6E307F525D7316300122E58 /* LaunchScreen.storyboard */,
				D6E307F825D7316300122E58 /* Info.plist */,
				D6E307F225D7316300122E58 /* Preview Content */,
			);
			path = CoffeeApp;
			sourceTree = "<group>";
		};
		D6E307F225D7316300122E58 /* Preview Content */ = {
			isa = PBXGroup;
			children = (
				D6E307F325D7316300122E58 /* Preview Assets.xcassets */,
			);
			path = "Preview Content";
			sourceTree = "<group>";
		};
		D6E3080025D7316300122E58 /* CoffeeAppTests */ = {
			isa = PBXGroup;
			children = (
				D6E3080125D7316300122E58 /* CoffeeAppTests.swift */,
				D6E3080325D7316300122E58 /* Info.plist */,
			);
			path = CoffeeAppTests;
			sourceTree = "<group>";
		};
		D6E3080B25D7316400122E58 /* CoffeeAppUITests */ = {
			isa = PBXGroup;
			children = (
				D6E3080C25D7316400122E58 /* CoffeeAppUITests.swift */,
				D6E3080E25D7316400122E58 /* Info.plist */,
			);
			path = CoffeeAppUITests;
			sourceTree = "<group>";
		};
/* End PBXGroup section */

/* Begin PBXNativeTarget section */
		D6E307E625D7316200122E58 /* CoffeeApp */ = {
			isa = PBXNativeTarget;
			buildConfigurationList = D6E3081125D7316400122E58 /* Build configuration list for PBXNativeTarget "CoffeeApp" */;
			buildPhases = (
				D6E307E325D7316200122E58 /* Sources */,
				D6E307E425D7316200122E58 /* Frameworks */,
				D6E307E525D7316200122E58 /* Resources */,
			);
			buildRules = (
			);
			dependencies = (
			);
			name = CoffeeApp;
			productName = CoffeeApp;
			productReference = D6E307E725D7316200122E58 /* CoffeeApp.app */;
			productType = "com.apple.product-type.application";
		};
		D6E307FC25D7316300122E58 /* CoffeeAppTests */ = {
			isa = PBXNativeTarget;
			buildConfigurationList = D6E3081425D7316400122E58 /* Build configuration list for PBXNativeTarget "CoffeeAppTests" */;
			buildPhases = (
				D6E307F925D7316300122E58 /* Sources */,
				D6E307FA25D7316300122E58 /* Frameworks */,
				D6E307FB25D7316300122E58 /* Resources */,
			);
			buildRules = (
			);
			dependencies = (
				D6E307FF25D7316300122E58 /* PBXTargetDependency */,
			);
			name = CoffeeAppTests;
			productName = CoffeeAppTests;
			productReference = D6E307FD25D7316300122E58 /* CoffeeAppTests.xctest */;
			productType = "com.apple.product-type.bundle.unit-test";
		};
		D6E3080725D7316400122E58 /* CoffeeAppUITests */ = {
			isa = PBXNativeTarget;
			buildConfigurationList = D6E3081725D7316400122E58 /* Build configuration list for PBXNativeTarget "CoffeeAppUITests" */;
			buildPhases = (
				D6E3080425D7316400122E58 /* Sources */,
				D6E3080525D7316400122E58 /* Frameworks */,
				D6E3080625D7316400122E58 /* Resources */,
			);
			buildRules = (
			);
			dependencies = (
				D6E3080A25D7316400122E58 /* PBXTargetDependency */,
			);
			name = CoffeeAppUITests;
			productName = CoffeeAppUITests;
			productReference = D6E3080825D7316400122E58 /* CoffeeAppUITests.xctest */;
			productType = "com.apple.product-type.bundle.ui-testing";
		};
/* End PBXNativeTarget section */

/* Begin PBXProject section */
		D6E307DF25D7316200122E58 /* Project object */ = {
			isa = PBXProject;
			attributes = {
				LastSwiftUpdateCheck = 1240;
				LastUpgradeCheck = 1240;
				TargetAttributes = {
					D6E307E625D7316200122E58 = {
						CreatedOnToolsVersion = 12.4;
					};
					D6E307FC25D7316300122E58 = {
						CreatedOnToolsVersion = 12.4;
						TestTargetID = D6E307E625D7316200122E58;
					};
					D6E3080725D7316400122E58 = {
						CreatedOnToolsVersion = 12.4;
						TestTargetID = D6E307E625D7316200122E58;
					};
				};
			};
			buildConfigurationList = D6E307E225D7316200122E58 /* Build configuration list for PBXProject "CoffeeApp" */;
			compatibilityVersion = "Xcode 9.3";
			developmentRegion = en;
			hasScannedForEncodings = 0;
			knownRegions = (
				en,
				Base,
			);
			mainGroup = D6E307DE25D7316200122E58;
			productRefGroup = D6E307E825D7316200122E58 /* Products */;
			projectDirPath = "";
			projectRoot = "";
			targets = (
				D6E307E625D7316200122E58 /* CoffeeApp */,
				D6E307FC25D7316300122E58 /* CoffeeAppTests */,
				D6E3080725D7316400122E58 /* CoffeeAppUITests */,
			);
		};
/* End PBXProject section */

/* Begin PBXResourcesBuildPhase section */
		D6E307E525D7316200122E58 /* Resources */ = {
			isa = PBXResourcesBuildPhase;
			buildActionMask = 2147483647;
			files = (
				D6E307F725D7316300122E58 /* LaunchScreen.storyboard in Resources */,
				D6E307F425D7316300122E58 /* Preview Assets.xcassets in Resources */,
				D6E307F125D7316300122E58 /* Assets.xcassets in Resources */,
			);
			runOnlyForDeploymentPostprocessing = 0;
		};
		D6E307FB25D7316300122E58 /* Resources */ = {
			isa = PBXResourcesBuildPhase;
			buildActionMask = 2147483647;
			files = (
			);
			runOnlyForDeploymentPostprocessing = 0;
		};
		D6E3080625D7316400122E58 /* Resources */ = {
			isa = PBXResourcesBuildPhase;
			buildActionMask = 2147483647;
			files = (
			);
			runOnlyForDeploymentPostprocessing = 0;
		};
/* End PBXResourcesBuildPhase section */

/* Begin PBXSourcesBuildPhase section */
		D6E307E325D7316200122E58 /* Sources */ = {
			isa = PBXSourcesBuildPhase;
			buildActionMask = 2147483647;
			files = (
				D6E307EB25D7316200122E58 /* AppDelegate.swift in Sources */,
				D6E307ED25D7316200122E58 /* SceneDelegate.swift in Sources */,
				D6E307EF25D7316200122E58 /* ContentView.swift in Sources */,
			);
			runOnlyForDeploymentPostprocessing = 0;
		};
		D6E307F925D7316300122E58 /* Sources */ = {
			isa = PBXSourcesBuildPhase;
			buildActionMask = 2147483647;
			files = (
				D6E3080225D7316300122E58 /* CoffeeAppTests.swift in Sources */,
			);
			runOnlyForDeploymentPostprocessing = 0;
		};
		D6E3080425D7316400122E58 /* Sources */ = {
			isa = PBXSourcesBuildPhase;
			buildActionMask = 2147483647;
			files = (
				D6E3080D25D7316400122E58 /* CoffeeAppUITests.swift in Sources */,
			);
			runOnlyForDeploymentPostprocessing = 0;
		};
/* End PBXSourcesBuildPhase section */

/* Begin PBXTargetDependency section */
		D6E307FF25D7316300122E58 /* PBXTargetDependency */ = {
			isa = PBXTargetDependency;
			target = D6E307E625D7316200122E58 /* CoffeeApp */;
			targetProxy = D6E307FE25D7316300122E58 /* PBXContainerItemProxy */;
		};
		D6E3080A25D7316400122E58 /* PBXTargetDependency */ = {
			isa = PBXTargetDependency;
			target = D6E307E625D7316200122E58 /* CoffeeApp */;
			targetProxy = D6E3080925D7316400122E58 /* PBXContainerItemProxy */;
		};
/* End PBXTargetDependency section */

/* Begin PBXVariantGroup section */
		D6E307F525D7316300122E58 /* LaunchScreen.storyboard */ = {
			isa = PBXVariantGroup;
			children = (
				D6E307F625D7316300122E58 /* Base */,
			);
			name = LaunchScreen.storyboard;
			sourceTree = "<group>";
		};
/* End PBXVariantGroup section */

/* Begin XCBuildConfiguration section */
		D6E3080F25D7316400122E58 /* Debug */ = {
			isa = XCBuildConfiguration;
			buildSettings = {
				ALWAYS_SEARCH_USER_PATHS = NO;
				CLANG_ANALYZER_NONNULL = YES;
				CLANG_ANALYZER_NUMBER_OBJECT_CONVERSION = YES_AGGRESSIVE;
				CLANG_CXX_LANGUAGE_STANDARD = "gnu++14";
				CLANG_CXX_LIBRARY = "libc++";
				CLANG_ENABLE_MODULES = YES;
				CLANG_ENABLE_OBJC_ARC = YES;
				CLANG_ENABLE_OBJC_WEAK = YES;
				CLANG_WARN_BLOCK_CAPTURE_AUTORELEASING = YES;
				CLANG_WARN_BOOL_CONVERSION = YES;
				CLANG_WARN_COMMA = YES;
				CLANG_WARN_CONSTANT_CONVERSION = YES;
				CLANG_WARN_DEPRECATED_OBJC_IMPLEMENTATIONS = YES;
				CLANG_WARN_DIRECT_OBJC_ISA_USAGE = YES_ERROR;
				CLANG_WARN_DOCUMENTATION_COMMENTS = YES;
				CLANG_WARN_EMPTY_BODY = YES;
				CLANG_WARN_ENUM_CONVERSION = YES;
				CLANG_WARN_INFINITE_RECURSION = YES;
				CLANG_WARN_INT_CONVERSION = YES;
				CLANG_WARN_NON_LITERAL_NULL_CONVERSION = YES;
				CLANG_WARN_OBJC_IMPLICIT_RETAIN_SELF = YES;
				CLANG_WARN_OBJC_LITERAL_CONVERSION = YES;
				CLANG_WARN_OBJC_ROOT_CLASS = YES_ERROR;
				CLANG_WARN_QUOTED_INCLUDE_IN_FRAMEWORK_HEADER = YES;
				CLANG_WARN_RANGE_LOOP_ANALYSIS = YES;
				CLANG_WARN_STRICT_PROTOTYPES = YES;
				CLANG_WARN_SUSPICIOUS_MOVE = YES;
				CLANG_WARN_UNGUARDED_AVAILABILITY = YES_AGGRESSIVE;
				CLANG_WARN_UNREACHABLE_CODE = YES;
				CLANG_WARN__DUPLICATE_METHOD_MATCH = YES;
				COPY_PHASE_STRIP = NO;
				DEBUG_INFORMATION_FORMAT = dwarf;
				ENABLE_STRICT_OBJC_MSGSEND = YES;
				ENABLE_TESTABILITY = YES;
				GCC_C_LANGUAGE_STANDARD = gnu11;
				GCC_DYNAMIC_NO_PIC = NO;
				GCC_NO_COMMON_BLOCKS = YES;
				GCC_OPTIMIZATION_LEVEL = 0;
				GCC_PREPROCESSOR_DEFINITIONS = (
					"DEBUG=1",
					"$(inherited)",
				);
				GCC_WARN_64_TO_32_BIT_CONVERSION = YES;
				GCC_WARN_ABOUT_RETURN_TYPE = YES_ERROR;
				GCC_WARN_UNDECLARED_SELECTOR = YES;
				GCC_WARN_UNINITIALIZED_AUTOS = YES_AGGRESSIVE;
				GCC_WARN_UNUSED_FUNCTION = YES;
				GCC_WARN_UNUSED_VARIABLE = YES;
				IPHONEOS_DEPLOYMENT_TARGET = 14.4;
				MTL_ENABLE_DEBUG_INFO = INCLUDE_SOURCE;
				MTL_FAST_MATH = YES;
				ONLY_ACTIVE_ARCH = YES;
				SDKROOT = iphoneos;
				SWIFT_ACTIVE_COMPILATION_CONDITIONS = DEBUG;
				SWIFT_OPTIMIZATION_LEVEL = "-Onone";
			};
			name = Debug;
		};
		D6E3081025D7316400122E58 /* Release */ = {
			isa = XCBuildConfiguration;
			buildSettings = {
				ALWAYS_SEARCH_USER_PATHS = NO;
				CLANG_ANALYZER_NONNULL = YES;
				CLANG_ANALYZER_NUMBER_OBJECT_CONVERSION = YES_AGGRESSIVE;
				CLANG_CXX_LANGUAGE_STANDARD = "gnu++14";
				CLANG_CXX_LIBRARY = "libc++";
				CLANG_ENABLE_MODULES = YES;
				CLANG_ENABLE_OBJC_ARC = YES;
				CLANG_ENABLE_OBJC_WEAK = YES;
				CLANG_WARN_BLOCK_CAPTURE_AUTORELEASING = YES;
				CLANG_WARN_BOOL_CONVERSION = YES;
				CLANG_WARN_COMMA = YES;
				CLANG_WARN_CONSTANT_CONVERSION = YES;
				CLANG_WARN_DEPRECATED_OBJC_IMPLEMENTATIONS = YES;
				CLANG_WARN_DIRECT_OBJC_ISA_USAGE = YES_ERROR;
				CLANG_WARN_DOCUMENTATION_COMMENTS = YES;
				CLANG_WARN_EMPTY_BODY = YES;
				CLANG_WARN_ENUM_CONVERSION = YES;
				CLANG_WARN_INFINITE_RECURSION = YES;
				CLANG_WARN_INT_CONVERSION = YES;
				CLANG_WARN_NON_LITERAL_NULL_CONVERSION = YES;
				CLANG_WARN_OBJC_IMPLICIT_RETAIN_SELF = YES;
				CLANG_WARN_OBJC_LITERAL_CONVERSION = YES;
				CLANG_WARN_OBJC_ROOT_CLASS = YES_ERROR;
				CLANG_WARN_QUOTED_INCLUDE_IN_FRAMEWORK_HEADER = YES;
				CLANG_WARN_RANGE_LOOP_ANALYSIS = YES;
				CLANG_WARN_STRICT_PROTOTYPES = YES;
				CLANG_WARN_SUSPICIOUS_MOVE = YES;
				CLANG_WARN_UNGUARDED_AVAILABILITY = YES_AGGRESSIVE;
				CLANG_WARN_UNREACHABLE_CODE = YES;
				CLANG_WARN__DUPLICATE_METHOD_MATCH = YES;
				COPY_PHASE_STRIP = NO;
				DEBUG_INFORMATION_FORMAT = "dwarf-with-dsym";
				ENABLE_NS_ASSERTIONS = NO;
				ENABLE_STRICT_OBJC_MSGSEND = YES;
				GCC_C_LANGUAGE_STANDARD = gnu11;
				GCC_NO_COMMON_BLOCKS = YES;
				GCC_WARN_64_TO_32_BIT_CONVERSION = YES;
				GCC_WARN_ABOUT_RETURN_TYPE = YES_ERROR;
				GCC_WARN_UNDECLARED_SELECTOR = YES;
				GCC_WARN_UNINITIALIZED_AUTOS = YES_AGGRESSIVE;
				GCC_WARN_UNUSED_FUNCTION = YES;
				GCC_WARN_UNUSED_VARIABLE = YES;
				IPHONEOS_DEPLOYMENT_TARGET = 14.4;
				MTL_ENABLE_DEBUG_INFO = NO;
				MTL_FAST_MATH = YES;
				SDKROOT = iphoneos;
				SWIFT_COMPILATION_MODE = wholemodule;
				SWIFT_OPTIMIZATION_LEVEL = "-O";
				VALIDATE_PRODUCT = YES;
			};
			name = Release;
		};
		D6E3081225D7316400122E58 /* Debug */ = {
			isa = XCBuildConfiguration;
			buildSettings = {
				ASSETCATALOG_COMPILER_APPICON_NAME = AppIcon;
				ASSETCATALOG_COMPILER_GLOBAL_ACCENT_COLOR_NAME = AccentColor;
				CODE_SIGN_STYLE = Automatic;
				DEVELOPMENT_ASSET_PATHS = "\"CoffeeApp/Preview Content\"";
				ENABLE_PREVIEWS = YES;
				INFOPLIST_FILE = CoffeeApp/Info.plist;
				LD_RUNPATH_SEARCH_PATHS = (
					"$(inherited)",
					"@executable_path/Frameworks",
				);
				PRODUCT_BUNDLE_IDENTIFIER = codepath.CoffeeApp;
				PRODUCT_NAME = "$(TARGET_NAME)";
				SWIFT_VERSION = 5.0;
				TARGETED_DEVICE_FAMILY = "1,2";
			};
			name = Debug;
		};
		D6E3081325D7316400122E58 /* Release */ = {
			isa = XCBuildConfiguration;
			buildSettings = {
				ASSETCATALOG_COMPILER_APPICON_NAME = AppIcon;
				ASSETCATALOG_COMPILER_GLOBAL_ACCENT_COLOR_NAME = AccentColor;
				CODE_SIGN_STYLE = Automatic;
				DEVELOPMENT_ASSET_PATHS = "\"CoffeeApp/Preview Content\"";
				ENABLE_PREVIEWS = YES;
				INFOPLIST_FILE = CoffeeApp/Info.plist;
				LD_RUNPATH_SEARCH_PATHS = (
					"$(inherited)",
					"@executable_path/Frameworks",
				);
				PRODUCT_BUNDLE_IDENTIFIER = codepath.CoffeeApp;
				PRODUCT_NAME = "$(TARGET_NAME)";
				SWIFT_VERSION = 5.0;
				TARGETED_DEVICE_FAMILY = "1,2";
			};
			name = Release;
		};
		D6E3081525D7316400122E58 /* Debug */ = {
			isa = XCBuildConfiguration;
			buildSettings = {
				ALWAYS_EMBED_SWIFT_STANDARD_LIBRARIES = YES;
				BUNDLE_LOADER = "$(TEST_HOST)";
				CODE_SIGN_STYLE = Automatic;
				INFOPLIST_FILE = CoffeeAppTests/Info.plist;
				IPHONEOS_DEPLOYMENT_TARGET = 14.4;
				LD_RUNPATH_SEARCH_PATHS = (
					"$(inherited)",
					"@executable_path/Frameworks",
					"@loader_path/Frameworks",
				);
				PRODUCT_BUNDLE_IDENTIFIER = codepath.CoffeeAppTests;
				PRODUCT_NAME = "$(TARGET_NAME)";
				SWIFT_VERSION = 5.0;
				TARGETED_DEVICE_FAMILY = "1,2";
				TEST_HOST = "$(BUILT_PRODUCTS_DIR)/CoffeeApp.app/CoffeeApp";
			};
			name = Debug;
		};
		D6E3081625D7316400122E58 /* Release */ = {
			isa = XCBuildConfiguration;
			buildSettings = {
				ALWAYS_EMBED_SWIFT_STANDARD_LIBRARIES = YES;
				BUNDLE_LOADER = "$(TEST_HOST)";
				CODE_SIGN_STYLE = Automatic;
				INFOPLIST_FILE = CoffeeAppTests/Info.plist;
				IPHONEOS_DEPLOYMENT_TARGET = 14.4;
				LD_RUNPATH_SEARCH_PATHS = (
					"$(inherited)",
					"@executable_path/Frameworks",
					"@loader_path/Frameworks",
				);
				PRODUCT_BUNDLE_IDENTIFIER = codepath.CoffeeAppTests;
				PRODUCT_NAME = "$(TARGET_NAME)";
				SWIFT_VERSION = 5.0;
				TARGETED_DEVICE_FAMILY = "1,2";
				TEST_HOST = "$(BUILT_PRODUCTS_DIR)/CoffeeApp.app/CoffeeApp";
			};
			name = Release;
		};
		D6E3081825D7316400122E58 /* Debug */ = {
			isa = XCBuildConfiguration;
			buildSettings = {
				ALWAYS_EMBED_SWIFT_STANDARD_LIBRARIES = YES;
				CODE_SIGN_STYLE = Automatic;
				INFOPLIST_FILE = CoffeeAppUITests/Info.plist;
				LD_RUNPATH_SEARCH_PATHS = (
					"$(inherited)",
					"@executable_path/Frameworks",
					"@loader_path/Frameworks",
				);
				PRODUCT_BUNDLE_IDENTIFIER = codepath.CoffeeAppUITests;
				PRODUCT_NAME = "$(TARGET_NAME)";
				SWIFT_VERSION = 5.0;
				TARGETED_DEVICE_FAMILY = "1,2";
				TEST_TARGET_NAME = CoffeeApp;
			};
			name = Debug;
		};
		D6E3081925D7316400122E58 /* Release */ = {
			isa = XCBuildConfiguration;
			buildSettings = {
				ALWAYS_EMBED_SWIFT_STANDARD_LIBRARIES = YES;
				CODE_SIGN_STYLE = Automatic;
				INFOPLIST_FILE = CoffeeAppUITests/Info.plist;
				LD_RUNPATH_SEARCH_PATHS = (
					"$(inherited)",
					"@executable_path/Frameworks",
					"@loader_path/Frameworks",
				);
				PRODUCT_BUNDLE_IDENTIFIER = codepath.CoffeeAppUITests;
				PRODUCT_NAME = "$(TARGET_NAME)";
				SWIFT_VERSION = 5.0;
				TARGETED_DEVICE_FAMILY = "1,2";
				TEST_TARGET_NAME = CoffeeApp;
			};
			name = Release;
		};
/* End XCBuildConfiguration section */

/* Begin XCConfigurationList section */
		D6E307E225D7316200122E58 /* Build configuration list for PBXProject "CoffeeApp" */ = {
			isa = XCConfigurationList;
			buildConfigurations = (
				D6E3080F25D7316400122E58 /* Debug */,
				D6E3081025D7316400122E58 /* Release */,
			);
			defaultConfigurationIsVisible = 0;
			defaultConfigurationName = Release;
		};
		D6E3081125D7316400122E58 /* Build configuration list for PBXNativeTarget "CoffeeApp" */ = {
			isa = XCConfigurationList;
			buildConfigurations = (
				D6E3081225D7316400122E58 /* Debug */,
				D6E3081325D7316400122E58 /* Release */,
			);
			defaultConfigurationIsVisible = 0;
			defaultConfigurationName = Release;
		};
		D6E3081425D7316400122E58 /* Build configuration list for PBXNativeTarget "CoffeeAppTests" */ = {
			isa = XCConfigurationList;
			buildConfigurations = (
				D6E3081525D7316400122E58 /* Debug */,
				D6E3081625D7316400122E58 /* Release */,
			);
			defaultConfigurationIsVisible = 0;
			defaultConfigurationName = Release;
		};
		D6E3081725D7316400122E58 /* Build configuration list for PBXNativeTarget "CoffeeAppUITests" */ = {
			isa = XCConfigurationList;
			buildConfigurations = (
				D6E3081825D7316400122E58 /* Debug */,
				D6E3081925D7316400122E58 /* Release */,
			);
			defaultConfigurationIsVisible = 0;
			defaultConfigurationName = Release;
		};
/* End XCConfigurationList section */
	};
	rootObject = D6E307DF25D7316200122E58 /* Project object */;
}
